
Microsoft Visual Studio Solution File, Format Version 12.00
# Visual Studio 15
VisualStudioVersion = 15.0.28307.539
MinimumVisualStudioVersion = 10.0.40219.1
Project("{FAE04EC0-301F-11D3-BF4B-00C04F79EFBC}") = "PasswordGenerator", "PasswordGenerator\PasswordGenerator.csproj", "{DAA06DD0-2722-4DE4-924A-04979F6B6EF9}"
EndProject
Global
	GlobalSection(SolutionConfigurationPlatforms) = preSolution
		Debug|Any CPU = Debug|Any CPU
		Release|Any CPU = Release|Any CPU
	EndGlobalSection
	GlobalSection(ProjectConfigurationPlatforms) = postSolution
		{DAA06DD0-2722-4DE4-924A-04979F6B6EF9}.Debug|Any CPU.ActiveCfg = Debug|Any CPU
		{DAA06DD0-2722-4DE4-924A-04979F6B6EF9}.Debug|Any CPU.Build.0 = Debug|Any CPU
		{DAA06DD0-2722-4DE4-924A-04979F6B6EF9}.Release|Any CPU.ActiveCfg = Release|Any CPU
		{DAA06DD0-2722-4DE4-924A-04979F6B6EF9}.Release|Any CPU.Build.0 = Release|Any CPU
	EndGlobalSection
	GlobalSection(SolutionProperties) = preSolution
		HideSolutionNode = FALSE
	EndGlobalSection
	GlobalSection(ExtensibilityGlobals) = postSolution
		SolutionGuid = {7C9D851F-4E46-4474-B154-CC796D6ECDA7}
	EndGlobalSection
EndGlobal
